
Microsoft Visual Studio Solution File, Format Version 12.00
# Visual Studio Version 17
VisualStudioVersion = 17.7.34221.43
MinimumVisualStudioVersion = 10.0.40219.1
Project("{FAE04EC0-301F-11D3-BF4B-00C04F79EFBC}") = "BuilderPattern", "BuilderPattern\BuilderPattern.csproj", "{409B1BD1-3F6F-465D-84BC-326E9BF2431A}"
EndProject
Global
	GlobalSection(SolutionConfigurationPlatforms) = preSolution
		Debug|Any CPU = Debug|Any CPU
		Release|Any CPU = Release|Any CPU
	EndGlobalSection
	GlobalSection(ProjectConfigurationPlatforms) = postSolution
		{409B1BD1-3F6F-465D-84BC-326E9BF2431A}.Debug|Any CPU.ActiveCfg = Debug|Any CPU
		{409B1BD1-3F6F-465D-84BC-326E9BF2431A}.Debug|Any CPU.Build.0 = Debug|Any CPU
		{409B1BD1-3F6F-465D-84BC-326E9BF2431A}.Release|Any CPU.ActiveCfg = Release|Any CPU
		{409B1BD1-3F6F-465D-84BC-326E9BF2431A}.Release|Any CPU.Build.0 = Release|Any CPU
	EndGlobalSection
	GlobalSection(SolutionProperties) = preSolution
		HideSolutionNode = FALSE
	EndGlobalSection
	GlobalSection(ExtensibilityGlobals) = postSolution
		SolutionGuid = {499D3D1D-3922-4EBE-8341-11CEACCE3C24}
	EndGlobalSection
EndGlobal
